// !$*UTF8*$!
{
	archiveVersion = 1;
	classes = {
	};
	objectVersion = 51;
	objects = {

/* Begin PBXBuildFile section */
		00883611B1C17632C1B1F3F9 /* Pods_DatingAppChallenge.framework in Frameworks */ = {isa = PBXBuildFile; fileRef = 8DB27D8AFC14F42A85B8066C /* Pods_DatingAppChallenge.framework */; };
		70D8CEA025562BB5001EC899 /* AppDelegate.swift in Sources */ = {isa = PBXBuildFile; fileRef = 70D8CE9F25562BB5001EC899 /* AppDelegate.swift */; };
		70D8CEA225562BB5001EC899 /* SceneDelegate.swift in Sources */ = {isa = PBXBuildFile; fileRef = 70D8CEA125562BB5001EC899 /* SceneDelegate.swift */; };
		70D8CEA425562BB5001EC899 /* ViewController.swift in Sources */ = {isa = PBXBuildFile; fileRef = 70D8CEA325562BB5001EC899 /* ViewController.swift */; };
		70D8CEA725562BB5001EC899 /* Main.storyboard in Resources */ = {isa = PBXBuildFile; fileRef = 70D8CEA525562BB5001EC899 /* Main.storyboard */; };
		70D8CEA925562BB7001EC899 /* Assets.xcassets in Resources */ = {isa = PBXBuildFile; fileRef = 70D8CEA825562BB7001EC899 /* Assets.xcassets */; };
		70D8CEAC25562BB7001EC899 /* LaunchScreen.storyboard in Resources */ = {isa = PBXBuildFile; fileRef = 70D8CEAA25562BB7001EC899 /* LaunchScreen.storyboard */; };
		70D8CEB525562E92001EC899 /* MyCollectionViewCell.swift in Sources */ = {isa = PBXBuildFile; fileRef = 70D8CEB425562E92001EC899 /* MyCollectionViewCell.swift */; };
		70D8CEBC255657A4001EC899 /* CollectionViewAnimation.swift in Sources */ = {isa = PBXBuildFile; fileRef = 70D8CEBB255657A4001EC899 /* CollectionViewAnimation.swift */; };
		70D8CEBF25565FAF001EC899 /* MatchModel.swift in Sources */ = {isa = PBXBuildFile; fileRef = 70D8CEBE25565FAF001EC899 /* MatchModel.swift */; };
/* End PBXBuildFile section */

/* Begin PBXFileReference section */
		70D8CE9C25562BB5001EC899 /* DatingAppChallenge.app */ = {isa = PBXFileReference; explicitFileType = wrapper.application; includeInIndex = 0; path = DatingAppChallenge.app; sourceTree = BUILT_PRODUCTS_DIR; };
		70D8CE9F25562BB5001EC899 /* AppDelegate.swift */ = {isa = PBXFileReference; lastKnownFileType = sourcecode.swift; path = AppDelegate.swift; sourceTree = "<group>"; };
		70D8CEA125562BB5001EC899 /* SceneDelegate.swift */ = {isa = PBXFileReference; lastKnownFileType = sourcecode.swift; path = SceneDelegate.swift; sourceTree = "<group>"; };
		70D8CEA325562BB5001EC899 /* ViewController.swift */ = {isa = PBXFileReference; lastKnownFileType = sourcecode.swift; path = ViewController.swift; sourceTree = "<group>"; };
		70D8CEA625562BB5001EC899 /* Base */ = {isa = PBXFileReference; lastKnownFileType = file.storyboard; name = Base; path = Base.lproj/Main.storyboard; sourceTree = "<group>"; };
		70D8CEA825562BB7001EC899 /* Assets.xcassets */ = {isa = PBXFileReference; lastKnownFileType = folder.assetcatalog; path = Assets.xcassets; sourceTree = "<group>"; };
		70D8CEAB25562BB7001EC899 /* Base */ = {isa = PBXFileReference; lastKnownFileType = file.storyboard; name = Base; path = Base.lproj/LaunchScreen.storyboard; sourceTree = "<group>"; };
		70D8CEAD25562BB7001EC899 /* Info.plist */ = {isa = PBXFileReference; lastKnownFileType = text.plist.xml; path = Info.plist; sourceTree = "<group>"; };
		70D8CEB425562E92001EC899 /* MyCollectionViewCell.swift */ = {isa = PBXFileReference; lastKnownFileType = sourcecode.swift; path = MyCollectionViewCell.swift; sourceTree = "<group>"; };
		70D8CEBB255657A4001EC899 /* CollectionViewAnimation.swift */ = {isa = PBXFileReference; lastKnownFileType = sourcecode.swift; path = CollectionViewAnimation.swift; sourceTree = "<group>"; };
		70D8CEBE25565FAF001EC899 /* MatchModel.swift */ = {isa = PBXFileReference; lastKnownFileType = sourcecode.swift; path = MatchModel.swift; sourceTree = "<group>"; };
		8DB27D8AFC14F42A85B8066C /* Pods_DatingAppChallenge.framework */ = {isa = PBXFileReference; explicitFileType = wrapper.framework; includeInIndex = 0; path = Pods_DatingAppChallenge.framework; sourceTree = BUILT_PRODUCTS_DIR; };
		B45B331A3E1F08F81A8E215D /* Pods-DatingAppChallenge.release.xcconfig */ = {isa = PBXFileReference; includeInIndex = 1; lastKnownFileType = text.xcconfig; name = "Pods-DatingAppChallenge.release.xcconfig"; path = "Target Support Files/Pods-DatingAppChallenge/Pods-DatingAppChallenge.release.xcconfig"; sourceTree = "<group>"; };
		E9418F50FED6E505471910F8 /* Pods-DatingAppChallenge.debug.xcconfig */ = {isa = PBXFileReference; includeInIndex = 1; lastKnownFileType = text.xcconfig; name = "Pods-DatingAppChallenge.debug.xcconfig"; path = "Target Support Files/Pods-DatingAppChallenge/Pods-DatingAppChallenge.debug.xcconfig"; sourceTree = "<group>"; };
/* End PBXFileReference section */

/* Begin PBXFrameworksBuildPhase section */
		70D8CE9925562BB5001EC899 /* Frameworks */ = {
			isa = PBXFrameworksBuildPhase;
			buildActionMask = 2147483647;
			files = (
				00883611B1C17632C1B1F3F9 /* Pods_DatingAppChallenge.framework in Frameworks */,
			);
			runOnlyForDeploymentPostprocessing = 0;
		};
/* End PBXFrameworksBuildPhase section */

/* Begin PBXGroup section */
		0366DCD1309B4C8AC5E73A50 /* Frameworks */ = {
			isa = PBXGroup;
			children = (
				8DB27D8AFC14F42A85B8066C /* Pods_DatingAppChallenge.framework */,
			);
			name = Frameworks;
			sourceTree = "<group>";
		};
		2938DA5A6E315DC91E2A549F /* Pods */ = {
			isa = PBXGroup;
			children = (
				E9418F50FED6E505471910F8 /* Pods-DatingAppChallenge.debug.xcconfig */,
				B45B331A3E1F08F81A8E215D /* Pods-DatingAppChallenge.release.xcconfig */,
			);
			path = Pods;
			sourceTree = "<group>";
		};
		70D8CE9325562BB5001EC899 = {
			isa = PBXGroup;
			children = (
				70D8CE9E25562BB5001EC899 /* DatingAppChallenge */,
				70D8CE9D25562BB5001EC899 /* Products */,
				2938DA5A6E315DC91E2A549F /* Pods */,
				0366DCD1309B4C8AC5E73A50 /* Frameworks */,
			);
			sourceTree = "<group>";
		};
		70D8CE9D25562BB5001EC899 /* Products */ = {
			isa = PBXGroup;
			children = (
				70D8CE9C25562BB5001EC899 /* DatingAppChallenge.app */,
			);
			name = Products;
			sourceTree = "<group>";
		};
		70D8CE9E25562BB5001EC899 /* DatingAppChallenge */ = {
			isa = PBXGroup;
			children = (
				70D8CE9F25562BB5001EC899 /* AppDelegate.swift */,
				70D8CEA125562BB5001EC899 /* SceneDelegate.swift */,
				70D8CEA325562BB5001EC899 /* ViewController.swift */,
				70D8CEA525562BB5001EC899 /* Main.storyboard */,
				70D8CEA825562BB7001EC899 /* Assets.xcassets */,
				70D8CEAA25562BB7001EC899 /* LaunchScreen.storyboard */,
				70D8CEAD25562BB7001EC899 /* Info.plist */,
				70D8CEB425562E92001EC899 /* MyCollectionViewCell.swift */,
				70D8CEBB255657A4001EC899 /* CollectionViewAnimation.swift */,
				70D8CEBE25565FAF001EC899 /* MatchModel.swift */,
			);
			path = DatingAppChallenge;
			sourceTree = "<group>";
		};
/* End PBXGroup section */

/* Begin PBXNativeTarget section */
		70D8CE9B25562BB5001EC899 /* DatingAppChallenge */ = {
			isa = PBXNativeTarget;
			buildConfigurationList = 70D8CEB025562BB7001EC899 /* Build configuration list for PBXNativeTarget "DatingAppChallenge" */;
			buildPhases = (
				B9DCFFFCC9F997ABCE696284 /* [CP] Check Pods Manifest.lock */,
				70D8CE9825562BB5001EC899 /* Sources */,
				70D8CE9925562BB5001EC899 /* Frameworks */,
				70D8CE9A25562BB5001EC899 /* Resources */,
				13B7EF78D91E6CA9A3EAE6B1 /* [CP] Embed Pods Frameworks */,
			);
			buildRules = (
			);
			dependencies = (
			);
			name = DatingAppChallenge;
			productName = DatingAppChallenge;
			productReference = 70D8CE9C25562BB5001EC899 /* DatingAppChallenge.app */;
			productType = "com.apple.product-type.application";
		};
/* End PBXNativeTarget section */

/* Begin PBXProject section */
		70D8CE9425562BB5001EC899 /* Project object */ = {
			isa = PBXProject;
			attributes = {
				LastSwiftUpdateCheck = 1200;
				LastUpgradeCheck = 1200;
				TargetAttributes = {
					70D8CE9B25562BB5001EC899 = {
						CreatedOnToolsVersion = 12.0;
					};
				};
			};
			buildConfigurationList = 70D8CE9725562BB5001EC899 /* Build configuration list for PBXProject "DatingAppChallenge" */;
			compatibilityVersion = "Xcode 9.3";
			developmentRegion = en;
			hasScannedForEncodings = 0;
			knownRegions = (
				en,
				Base,
			);
			mainGroup = 70D8CE9325562BB5001EC899;
			productRefGroup = 70D8CE9D25562BB5001EC899 /* Products */;
			projectDirPath = "";
			projectRoot = "";
			targets = (
				70D8CE9B25562BB5001EC899 /* DatingAppChallenge */,
			);
		};
/* End PBXProject section */

/* Begin PBXResourcesBuildPhase section */
		70D8CE9A25562BB5001EC899 /* Resources */ = {
			isa = PBXResourcesBuildPhase;
			buildActionMask = 2147483647;
			files = (
				70D8CEAC25562BB7001EC899 /* LaunchScreen.storyboard in Resources */,
				70D8CEA925562BB7001EC899 /* Assets.xcassets in Resources */,
				70D8CEA725562BB5001EC899 /* Main.storyboard in Resources */,
			);
			runOnlyForDeploymentPostprocessing = 0;
		};
/* End PBXResourcesBuildPhase section */

/* Begin PBXShellScriptBuildPhase section */
		13B7EF78D91E6CA9A3EAE6B1 /* [CP] Embed Pods Frameworks */ = {
			isa = PBXShellScriptBuildPhase;
			buildActionMask = 2147483647;
			files = (
			);
			inputFileListPaths = (
				"${PODS_ROOT}/Target Support Files/Pods-DatingAppChallenge/Pods-DatingAppChallenge-frameworks-${CONFIGURATION}-input-files.xcfilelist",
			);
			name = "[CP] Embed Pods Frameworks";
			outputFileListPaths = (
				"${PODS_ROOT}/Target Support Files/Pods-DatingAppChallenge/Pods-DatingAppChallenge-frameworks-${CONFIGURATION}-output-files.xcfilelist",
			);
			runOnlyForDeploymentPostprocessing = 0;
			shellPath = /bin/sh;
			shellScript = "\"${PODS_ROOT}/Target Support Files/Pods-DatingAppChallenge/Pods-DatingAppChallenge-frameworks.sh\"\n";
			showEnvVarsInLog = 0;
		};
		B9DCFFFCC9F997ABCE696284 /* [CP] Check Pods Manifest.lock */ = {
			isa = PBXShellScriptBuildPhase;
			buildActionMask = 2147483647;
			files = (
			);
			inputFileListPaths = (
			);
			inputPaths = (
				"${PODS_PODFILE_DIR_PATH}/Podfile.lock",
				"${PODS_ROOT}/Manifest.lock",
			);
			name = "[CP] Check Pods Manifest.lock";
			outputFileListPaths = (
			);
			outputPaths = (
				"$(DERIVED_FILE_DIR)/Pods-DatingAppChallenge-checkManifestLockResult.txt",
			);
			runOnlyForDeploymentPostprocessing = 0;
			shellPath = /bin/sh;
			shellScript = "diff \"${PODS_PODFILE_DIR_PATH}/Podfile.lock\" \"${PODS_ROOT}/Manifest.lock\" > /dev/null\nif [ $? != 0 ] ; then\n    # print error to STDERR\n    echo \"error: The sandbox is not in sync with the Podfile.lock. Run 'pod install' or update your CocoaPods installation.\" >&2\n    exit 1\nfi\n# This output is used by Xcode 'outputs' to avoid re-running this script phase.\necho \"SUCCESS\" > \"${SCRIPT_OUTPUT_FILE_0}\"\n";
			showEnvVarsInLog = 0;
		};
/* End PBXShellScriptBuildPhase section */

/* Begin PBXSourcesBuildPhase section */
		70D8CE9825562BB5001EC899 /* Sources */ = {
			isa = PBXSourcesBuildPhase;
			buildActionMask = 2147483647;
			files = (
				70D8CEA425562BB5001EC899 /* ViewController.swift in Sources */,
				70D8CEBF25565FAF001EC899 /* MatchModel.swift in Sources */,
				70D8CEBC255657A4001EC899 /* CollectionViewAnimation.swift in Sources */,
				70D8CEA025562BB5001EC899 /* AppDelegate.swift in Sources */,
				70D8CEB525562E92001EC899 /* MyCollectionViewCell.swift in Sources */,
				70D8CEA225562BB5001EC899 /* SceneDelegate.swift in Sources */,
			);
			runOnlyForDeploymentPostprocessing = 0;
		};
/* End PBXSourcesBuildPhase section */

/* Begin PBXVariantGroup section */
		70D8CEA525562BB5001EC899 /* Main.storyboard */ = {
			isa = PBXVariantGroup;
			children = (
				70D8CEA625562BB5001EC899 /* Base */,
			);
			name = Main.storyboard;
			sourceTree = "<group>";
		};
		70D8CEAA25562BB7001EC899 /* LaunchScreen.storyboard */ = {
			isa = PBXVariantGroup;
			children = (
				70D8CEAB25562BB7001EC899 /* Base */,
			);
			name = LaunchScreen.storyboard;
			sourceTree = "<group>";
		};
/* End PBXVariantGroup section */

/* Begin XCBuildConfiguration section */
		70D8CEAE25562BB7001EC899 /* Debug */ = {
			isa = XCBuildConfiguration;
			buildSettings = {
				ALWAYS_SEARCH_USER_PATHS = NO;
				CLANG_ANALYZER_NONNULL = YES;
				CLANG_ANALYZER_NUMBER_OBJECT_CONVERSION = YES_AGGRESSIVE;
				CLANG_CXX_LANGUAGE_STANDARD = "gnu++14";
				CLANG_CXX_LIBRARY = "libc++";
				CLANG_ENABLE_MODULES = YES;
				CLANG_ENABLE_OBJC_ARC = YES;
				CLANG_ENABLE_OBJC_WEAK = YES;
				CLANG_WARN_BLOCK_CAPTURE_AUTORELEASING = YES;
				CLANG_WARN_BOOL_CONVERSION = YES;
				CLANG_WARN_COMMA = YES;
				CLANG_WARN_CONSTANT_CONVERSION = YES;
				CLANG_WARN_DEPRECATED_OBJC_IMPLEMENTATIONS = YES;
				CLANG_WARN_DIRECT_OBJC_ISA_USAGE = YES_ERROR;
				CLANG_WARN_DOCUMENTATION_COMMENTS = YES;
				CLANG_WARN_EMPTY_BODY = YES;
				CLANG_WARN_ENUM_CONVERSION = YES;
				CLANG_WARN_INFINITE_RECURSION = YES;
				CLANG_WARN_INT_CONVERSION = YES;
				CLANG_WARN_NON_LITERAL_NULL_CONVERSION = YES;
				CLANG_WARN_OBJC_IMPLICIT_RETAIN_SELF = YES;
				CLANG_WARN_OBJC_LITERAL_CONVERSION = YES;
				CLANG_WARN_OBJC_ROOT_CLASS = YES_ERROR;
				CLANG_WARN_QUOTED_INCLUDE_IN_FRAMEWORK_HEADER = YES;
				CLANG_WARN_RANGE_LOOP_ANALYSIS = YES;
				CLANG_WARN_STRICT_PROTOTYPES = YES;
				CLANG_WARN_SUSPICIOUS_MOVE = YES;
				CLANG_WARN_UNGUARDED_AVAILABILITY = YES_AGGRESSIVE;
				CLANG_WARN_UNREACHABLE_CODE = YES;
				CLANG_WARN__DUPLICATE_METHOD_MATCH = YES;
				COPY_PHASE_STRIP = NO;
				DEBUG_INFORMATION_FORMAT = dwarf;
				ENABLE_STRICT_OBJC_MSGSEND = YES;
				ENABLE_TESTABILITY = YES;
				GCC_C_LANGUAGE_STANDARD = gnu11;
				GCC_DYNAMIC_NO_PIC = NO;
				GCC_NO_COMMON_BLOCKS = YES;
				GCC_OPTIMIZATION_LEVEL = 0;
				GCC_PREPROCESSOR_DEFINITIONS = (
					"DEBUG=1",
					"$(inherited)",
				);
				GCC_WARN_64_TO_32_BIT_CONVERSION = YES;
				GCC_WARN_ABOUT_RETURN_TYPE = YES_ERROR;
				GCC_WARN_UNDECLARED_SELECTOR = YES;
				GCC_WARN_UNINITIALIZED_AUTOS = YES_AGGRESSIVE;
				GCC_WARN_UNUSED_FUNCTION = YES;
				GCC_WARN_UNUSED_VARIABLE = YES;
				IPHONEOS_DEPLOYMENT_TARGET = 14.0;
				MTL_ENABLE_DEBUG_INFO = INCLUDE_SOURCE;
				MTL_FAST_MATH = YES;
				ONLY_ACTIVE_ARCH = YES;
				SDKROOT = iphoneos;
				SWIFT_ACTIVE_COMPILATION_CONDITIONS = DEBUG;
				SWIFT_OPTIMIZATION_LEVEL = "-Onone";
			};
			name = Debug;
		};
		70D8CEAF25562BB7001EC899 /* Release */ = {
			isa = XCBuildConfiguration;
			buildSettings = {
				ALWAYS_SEARCH_USER_PATHS = NO;
				CLANG_ANALYZER_NONNULL = YES;
				CLANG_ANALYZER_NUMBER_OBJECT_CONVERSION = YES_AGGRESSIVE;
				CLANG_CXX_LANGUAGE_STANDARD = "gnu++14";
				CLANG_CXX_LIBRARY = "libc++";
				CLANG_ENABLE_MODULES = YES;
				CLANG_ENABLE_OBJC_ARC = YES;
				CLANG_ENABLE_OBJC_WEAK = YES;
				CLANG_WARN_BLOCK_CAPTURE_AUTORELEASING = YES;
				CLANG_WARN_BOOL_CONVERSION = YES;
				CLANG_WARN_COMMA = YES;
				CLANG_WARN_CONSTANT_CONVERSION = YES;
				CLANG_WARN_DEPRECATED_OBJC_IMPLEMENTATIONS = YES;
				CLANG_WARN_DIRECT_OBJC_ISA_USAGE = YES_ERROR;
				CLANG_WARN_DOCUMENTATION_COMMENTS = YES;
				CLANG_WARN_EMPTY_BODY = YES;
				CLANG_WARN_ENUM_CONVERSION = YES;
				CLANG_WARN_INFINITE_RECURSION = YES;
				CLANG_WARN_INT_CONVERSION = YES;
				CLANG_WARN_NON_LITERAL_NULL_CONVERSION = YES;
				CLANG_WARN_OBJC_IMPLICIT_RETAIN_SELF = YES;
				CLANG_WARN_OBJC_LITERAL_CONVERSION = YES;
				CLANG_WARN_OBJC_ROOT_CLASS = YES_ERROR;
				CLANG_WARN_QUOTED_INCLUDE_IN_FRAMEWORK_HEADER = YES;
				CLANG_WARN_RANGE_LOOP_ANALYSIS = YES;
				CLANG_WARN_STRICT_PROTOTYPES = YES;
				CLANG_WARN_SUSPICIOUS_MOVE = YES;
				CLANG_WARN_UNGUARDED_AVAILABILITY = YES_AGGRESSIVE;
				CLANG_WARN_UNREACHABLE_CODE = YES;
				CLANG_WARN__DUPLICATE_METHOD_MATCH = YES;
				COPY_PHASE_STRIP = NO;
				DEBUG_INFORMATION_FORMAT = "dwarf-with-dsym";
				ENABLE_NS_ASSERTIONS = NO;
				ENABLE_STRICT_OBJC_MSGSEND = YES;
				GCC_C_LANGUAGE_STANDARD = gnu11;
				GCC_NO_COMMON_BLOCKS = YES;
				GCC_WARN_64_TO_32_BIT_CONVERSION = YES;
				GCC_WARN_ABOUT_RETURN_TYPE = YES_ERROR;
				GCC_WARN_UNDECLARED_SELECTOR = YES;
				GCC_WARN_UNINITIALIZED_AUTOS = YES_AGGRESSIVE;
				GCC_WARN_UNUSED_FUNCTION = YES;
				GCC_WARN_UNUSED_VARIABLE = YES;
				IPHONEOS_DEPLOYMENT_TARGET = 14.0;
				MTL_ENABLE_DEBUG_INFO = NO;
				MTL_FAST_MATH = YES;
				SDKROOT = iphoneos;
				SWIFT_COMPILATION_MODE = wholemodule;
				SWIFT_OPTIMIZATION_LEVEL = "-O";
				VALIDATE_PRODUCT = YES;
			};
			name = Release;
		};
		70D8CEB125562BB7001EC899 /* Debug */ = {
			isa = XCBuildConfiguration;
			baseConfigurationReference = E9418F50FED6E505471910F8 /* Pods-DatingAppChallenge.debug.xcconfig */;
			buildSettings = {
				ASSETCATALOG_COMPILER_APPICON_NAME = AppIcon;
				ASSETCATALOG_COMPILER_GLOBAL_ACCENT_COLOR_NAME = AccentColor;
				CODE_SIGN_STYLE = Automatic;
				DEVELOPMENT_TEAM = 332G5M2AMC;
				INFOPLIST_FILE = DatingAppChallenge/Info.plist;
				LD_RUNPATH_SEARCH_PATHS = (
					"$(inherited)",
					"@executable_path/Frameworks",
				);
				PRODUCT_BUNDLE_IDENTIFIER = tomnguyen.DatingAppChallenge;
				PRODUCT_NAME = "$(TARGET_NAME)";
				SWIFT_VERSION = 5.0;
				TARGETED_DEVICE_FAMILY = "1,2";
			};
			name = Debug;
		};
		70D8CEB225562BB7001EC899 /* Release */ = {
			isa = XCBuildConfiguration;
			baseConfigurationReference = B45B331A3E1F08F81A8E215D /* Pods-DatingAppChallenge.release.xcconfig */;
			buildSettings = {
				ASSETCATALOG_COMPILER_APPICON_NAME = AppIcon;
				ASSETCATALOG_COMPILER_GLOBAL_ACCENT_COLOR_NAME = AccentColor;
				CODE_SIGN_STYLE = Automatic;
				DEVELOPMENT_TEAM = 332G5M2AMC;
				INFOPLIST_FILE = DatingAppChallenge/Info.plist;
				LD_RUNPATH_SEARCH_PATHS = (
					"$(inherited)",
					"@executable_path/Frameworks",
				);
				PRODUCT_BUNDLE_IDENTIFIER = tomnguyen.DatingAppChallenge;
				PRODUCT_NAME = "$(TARGET_NAME)";
				SWIFT_VERSION = 5.0;
				TARGETED_DEVICE_FAMILY = "1,2";
			};
			name = Release;
		};
/* End XCBuildConfiguration section */

/* Begin XCConfigurationList section */
		70D8CE9725562BB5001EC899 /* Build configuration list for PBXProject "DatingAppChallenge" */ = {
			isa = XCConfigurationList;
			buildConfigurations = (
				70D8CEAE25562BB7001EC899 /* Debug */,
				70D8CEAF25562BB7001EC899 /* Release */,
			);
			defaultConfigurationIsVisible = 0;
			defaultConfigurationName = Release;
		};
		70D8CEB025562BB7001EC899 /* Build configuration list for PBXNativeTarget "DatingAppChallenge" */ = {
			isa = XCConfigurationList;
			buildConfigurations = (
				70D8CEB125562BB7001EC899 /* Debug */,
				70D8CEB225562BB7001EC899 /* Release */,
			);
			defaultConfigurationIsVisible = 0;
			defaultConfigurationName = Release;
		};
/* End XCConfigurationList section */
	};
	rootObject = 70D8CE9425562BB5001EC899 /* Project object */;
}
